
Microsoft Visual Studio Solution File, Format Version 12.00
# Visual Studio Version 17
VisualStudioVersion = 17.7.34221.43
MinimumVisualStudioVersion = 10.0.40219.1
Project("{FAE04EC0-301F-11D3-BF4B-00C04F79EFBC}") = "BlazorMQTTTestingWASM", "BlazorMQTTTestingWASM\BlazorMQTTTestingWASM.csproj", "{F863937E-1CEC-4655-8780-85EAF2CF9E6A}"
EndProject
Project("{9A19103F-16F7-4668-BE54-9A1E7A4F7556}") = "MQTTnet.ClientLib", "MQTTnet.ClientLib\MQTTnet.ClientLib.csproj", "{2EF672F0-5743-47EA-AA36-512F3FCBC1FC}"
EndProject
Global
	GlobalSection(SolutionConfigurationPlatforms) = preSolution
		Debug|Any CPU = Debug|Any CPU
		Release|Any CPU = Release|Any CPU
	EndGlobalSection
	GlobalSection(ProjectConfigurationPlatforms) = postSolution
		{F863937E-1CEC-4655-8780-85EAF2CF9E6A}.Debug|Any CPU.ActiveCfg = Debug|Any CPU
		{F863937E-1CEC-4655-8780-85EAF2CF9E6A}.Debug|Any CPU.Build.0 = Debug|Any CPU
		{F863937E-1CEC-4655-8780-85EAF2CF9E6A}.Release|Any CPU.ActiveCfg = Release|Any CPU
		{F863937E-1CEC-4655-8780-85EAF2CF9E6A}.Release|Any CPU.Build.0 = Release|Any CPU
		{2EF672F0-5743-47EA-AA36-512F3FCBC1FC}.Debug|Any CPU.ActiveCfg = Debug|Any CPU
		{2EF672F0-5743-47EA-AA36-512F3FCBC1FC}.Debug|Any CPU.Build.0 = Debug|Any CPU
		{2EF672F0-5743-47EA-AA36-512F3FCBC1FC}.Release|Any CPU.ActiveCfg = Release|Any CPU
		{2EF672F0-5743-47EA-AA36-512F3FCBC1FC}.Release|Any CPU.Build.0 = Release|Any CPU
	EndGlobalSection
	GlobalSection(SolutionProperties) = preSolution
		HideSolutionNode = FALSE
	EndGlobalSection
	GlobalSection(ExtensibilityGlobals) = postSolution
		SolutionGuid = {EC7B470D-3F50-41A0-BABA-5E1B43B37250}
	EndGlobalSection
EndGlobal
